{
  "nodes": {
    "clean-devshell": {
      "locked": {
        "lastModified": 1681924133,
        "narHash": "sha256-XZNHuzb1/nP3Tu/BjS4K01wHq/5NL9Ot1ErJtWyir8o=",
        "owner": "ZentriaMC",
        "repo": "clean-devshell",
        "rev": "ca9449a77eb1898e66230e2bbec1512bb577d701",
        "type": "github"
      },
      "original": {
        "owner": "ZentriaMC",
        "repo": "clean-devshell",
        "type": "github"
      }
    },
    "flake-utils": {
      "inputs": {
        "systems": "systems"
      },
      "locked": {
        "lastModified": 1685518550,
        "narHash": "sha256-o2d0KcvaXzTrPRIo0kOLV0/QXHhDQ5DTi+OxcjO8xqY=",
        "owner": "numtide",
        "repo": "flake-utils",
        "rev": "a1720a10a6cfe8234c0e93907ffe81be440f4cef",
        "type": "github"
      },
      "original": {
        "owner": "numtide",
        "repo": "flake-utils",
        "type": "github"
      }
    },
    "nixpkgs": {
      "locked": {
        "lastModified": 1685938391,
        "narHash": "sha256-96Jw6TbWDLSopt5jqCW8w1Fc1cjQyZlhfBnJ3OZGpME=",
        "owner": "nixos",
        "repo": "nixpkgs",
        "rev": "31cd1b4afbaf0b1e81272ee9c31d1ab606503aed",
        "type": "github"
      },
      "original": {
        "owner": "nixos",
        "ref": "nixpkgs-unstable",
        "repo": "nixpkgs",
        "type": "github"
      }
    },
    "root": {
      "inputs": {
        "clean-devshell": "clean-devshell",
        "flake-utils": "flake-utils",
        "nixpkgs": "nixpkgs",
        "rust-overlay": "rust-overlay"
      }
    },
    "rust-overlay": {
      "inputs": {
        "flake-utils": [
          "flake-utils"
        ],
        "nixpkgs": [
          "nixpkgs"
        ]
      },
      "locked": {
        "lastModified": 1685932304,
        "narHash": "sha256-HUrE7Al6Rp9GeOjUycXz25TYhXXf1vtZLf/FFPVFRNw=",
        "owner": "oxalica",
        "repo": "rust-overlay",
        "rev": "08b06ab2046bce2c3b5f53ec599a6550ab9a9485",
        "type": "github"
      },
      "original": {
        "owner": "oxalica",
        "repo": "rust-overlay",
        "type": "github"
      }
    },
    "systems": {
      "locked": {
        "lastModified": 1681028828,
        "narHash": "sha256-Vy1rq5AaRuLzOxct8nz4T6wlgyUR7zLU309k9mBC768=",
        "owner": "nix-systems",
        "repo": "default",
        "rev": "da67096a3b9bf56a91d16901293e51ba5b49a27e",
        "type": "github"
      },
      "original": {
        "owner": "nix-systems",
        "repo": "default",
        "type": "github"
      }
    }
  },
  "root": "root",
  "version": 7
}
